
Microsoft Visual Studio Solution File, Format Version 12.00
# Visual Studio Version 16
VisualStudioVersion = 16.0.30114.105
MinimumVisualStudioVersion = 10.0.40219.1
Project("{9A19103F-16F7-4668-BE54-9A1E7A4F7556}") = "R5T.X0007", "R5T.X0007\R5T.X0007.csproj", "{9311938D-73C5-4E5B-91D9-C4788B79264F}"
EndProject
Project("{2150E333-8FDC-42A3-9474-1A3956D46DE8}") = "_Dependencies", "_Dependencies", "{B475BE50-CCFA-4B4B-9CDD-F8622FD00272}"
EndProject
Project("{9A19103F-16F7-4668-BE54-9A1E7A4F7556}") = "R5T.B0006.X0001", "..\..\R5T.B0006.X0001\source\R5T.B0006.X0001\R5T.B0006.X0001.csproj", "{25CA5C2A-6D4B-4C75-9DC3-4C4FA9FF7F29}"
EndProject
Project("{9A19103F-16F7-4668-BE54-9A1E7A4F7556}") = "R5T.B0006.X0002", "..\..\R5T.B0006.X0002\source\R5T.B0006.X0002\R5T.B0006.X0002.csproj", "{918C14BC-FA11-4091-A903-23563DED1805}"
EndProject
Project("{9A19103F-16F7-4668-BE54-9A1E7A4F7556}") = "R5T.B0006", "..\..\R5T.B0006\source\R5T.B0006\R5T.B0006.csproj", "{7C2073C5-AF0A-4B7E-850D-5544C406FBF3}"
EndProject
Project("{9A19103F-16F7-4668-BE54-9A1E7A4F7556}") = "R5T.T0039.T002", "..\..\R5T.T0039\source\R5T.T0039.T002\R5T.T0039.T002.csproj", "{F503E0D2-CA65-4A3F-95F7-071AEB36AF23}"
EndProject
Project("{9A19103F-16F7-4668-BE54-9A1E7A4F7556}") = "R5T.F0004", "..\..\R5T.F0004\source\R5T.F0004\R5T.F0004.csproj", "{EDB30E83-9C24-4656-9307-213B870EDF73}"
EndProject
Project("{9A19103F-16F7-4668-BE54-9A1E7A4F7556}") = "R5T.L0011", "..\..\R5T.L0011\source\R5T.L0011\R5T.L0011.csproj", "{DFC6569E-E5C1-4816-B1FD-DF2701A71769}"
EndProject
Project("{9A19103F-16F7-4668-BE54-9A1E7A4F7556}") = "R5T.T0132", "..\..\R5T.T0132\source\R5T.T0132\R5T.T0132.csproj", "{535B7FCA-942C-4EC2-A18F-88F684886AFD}"
EndProject
Project("{9A19103F-16F7-4668-BE54-9A1E7A4F7556}") = "R5T.F0005", "..\..\R5T.F0005\source\R5T.F0005\R5T.F0005.csproj", "{5681B896-5A25-4C08-B118-38A85B077275}"
EndProject
Project("{9A19103F-16F7-4668-BE54-9A1E7A4F7556}") = "R5T.X0005", "..\..\R5T.X0005\source\R5T.X0005\R5T.X0005.csproj", "{F7A0A1DD-005E-47F1-871A-3C2904974418}"
EndProject
Project("{9A19103F-16F7-4668-BE54-9A1E7A4F7556}") = "R5T.F0003", "..\..\R5T.F0003\source\R5T.F0003\R5T.F0003.csproj", "{2ED31B09-C3B7-4141-8E7E-FF3111CB6341}"
EndProject
Global
	GlobalSection(SolutionConfigurationPlatforms) = preSolution
		Debug|Any CPU = Debug|Any CPU
		Debug|x64 = Debug|x64
		Debug|x86 = Debug|x86
		Release|Any CPU = Release|Any CPU
		Release|x64 = Release|x64
		Release|x86 = Release|x86
	EndGlobalSection
	GlobalSection(ProjectConfigurationPlatforms) = postSolution
		{9311938D-73C5-4E5B-91D9-C4788B79264F}.Debug|Any CPU.ActiveCfg = Debug|Any CPU
		{9311938D-73C5-4E5B-91D9-C4788B79264F}.Debug|Any CPU.Build.0 = Debug|Any CPU
		{9311938D-73C5-4E5B-91D9-C4788B79264F}.Debug|x64.ActiveCfg = Debug|Any CPU
		{9311938D-73C5-4E5B-91D9-C4788B79264F}.Debug|x64.Build.0 = Debug|Any CPU
		{9311938D-73C5-4E5B-91D9-C4788B79264F}.Debug|x86.ActiveCfg = Debug|Any CPU
		{9311938D-73C5-4E5B-91D9-C4788B79264F}.Debug|x86.Build.0 = Debug|Any CPU
		{9311938D-73C5-4E5B-91D9-C4788B79264F}.Release|Any CPU.ActiveCfg = Release|Any CPU
		{9311938D-73C5-4E5B-91D9-C4788B79264F}.Release|Any CPU.Build.0 = Release|Any CPU
		{9311938D-73C5-4E5B-91D9-C4788B79264F}.Release|x64.ActiveCfg = Release|Any CPU
		{9311938D-73C5-4E5B-91D9-C4788B79264F}.Release|x64.Build.0 = Release|Any CPU
		{9311938D-73C5-4E5B-91D9-C4788B79264F}.Release|x86.ActiveCfg = Release|Any CPU
		{9311938D-73C5-4E5B-91D9-C4788B79264F}.Release|x86.Build.0 = Release|Any CPU
		{25CA5C2A-6D4B-4C75-9DC3-4C4FA9FF7F29}.Debug|Any CPU.ActiveCfg = Debug|Any CPU
		{25CA5C2A-6D4B-4C75-9DC3-4C4FA9FF7F29}.Debug|Any CPU.Build.0 = Debug|Any CPU
		{25CA5C2A-6D4B-4C75-9DC3-4C4FA9FF7F29}.Debug|x64.ActiveCfg = Debug|Any CPU
		{25CA5C2A-6D4B-4C75-9DC3-4C4FA9FF7F29}.Debug|x64.Build.0 = Debug|Any CPU
		{25CA5C2A-6D4B-4C75-9DC3-4C4FA9FF7F29}.Debug|x86.ActiveCfg = Debug|Any CPU
		{25CA5C2A-6D4B-4C75-9DC3-4C4FA9FF7F29}.Debug|x86.Build.0 = Debug|Any CPU
		{25CA5C2A-6D4B-4C75-9DC3-4C4FA9FF7F29}.Release|Any CPU.ActiveCfg = Release|Any CPU
		{25CA5C2A-6D4B-4C75-9DC3-4C4FA9FF7F29}.Release|Any CPU.Build.0 = Release|Any CPU
		{25CA5C2A-6D4B-4C75-9DC3-4C4FA9FF7F29}.Release|x64.ActiveCfg = Release|Any CPU
		{25CA5C2A-6D4B-4C75-9DC3-4C4FA9FF7F29}.Release|x64.Build.0 = Release|Any CPU
		{25CA5C2A-6D4B-4C75-9DC3-4C4FA9FF7F29}.Release|x86.ActiveCfg = Release|Any CPU
		{25CA5C2A-6D4B-4C75-9DC3-4C4FA9FF7F29}.Release|x86.Build.0 = Release|Any CPU
		{918C14BC-FA11-4091-A903-23563DED1805}.Debug|Any CPU.ActiveCfg = Debug|Any CPU
		{918C14BC-FA11-4091-A903-23563DED1805}.Debug|Any CPU.Build.0 = Debug|Any CPU
		{918C14BC-FA11-4091-A903-23563DED1805}.Debug|x64.ActiveCfg = Debug|Any CPU
		{918C14BC-FA11-4091-A903-23563DED1805}.Debug|x64.Build.0 = Debug|Any CPU
		{918C14BC-FA11-4091-A903-23563DED1805}.Debug|x86.ActiveCfg = Debug|Any CPU
		{918C14BC-FA11-4091-A903-23563DED1805}.Debug|x86.Build.0 = Debug|Any CPU
		{918C14BC-FA11-4091-A903-23563DED1805}.Release|Any CPU.ActiveCfg = Release|Any CPU
		{918C14BC-FA11-4091-A903-23563DED1805}.Release|Any CPU.Build.0 = Release|Any CPU
		{918C14BC-FA11-4091-A903-23563DED1805}.Release|x64.ActiveCfg = Release|Any CPU
		{918C14BC-FA11-4091-A903-23563DED1805}.Release|x64.Build.0 = Release|Any CPU
		{918C14BC-FA11-4091-A903-23563DED1805}.Release|x86.ActiveCfg = Release|Any CPU
		{918C14BC-FA11-4091-A903-23563DED1805}.Release|x86.Build.0 = Release|Any CPU
		{7C2073C5-AF0A-4B7E-850D-5544C406FBF3}.Debug|Any CPU.ActiveCfg = Debug|Any CPU
		{7C2073C5-AF0A-4B7E-850D-5544C406FBF3}.Debug|Any CPU.Build.0 = Debug|Any CPU
		{7C2073C5-AF0A-4B7E-850D-5544C406FBF3}.Debug|x64.ActiveCfg = Debug|Any CPU
		{7C2073C5-AF0A-4B7E-850D-5544C406FBF3}.Debug|x64.Build.0 = Debug|Any CPU
		{7C2073C5-AF0A-4B7E-850D-5544C406FBF3}.Debug|x86.ActiveCfg = Debug|Any CPU
		{7C2073C5-AF0A-4B7E-850D-5544C406FBF3}.Debug|x86.Build.0 = Debug|Any CPU
		{7C2073C5-AF0A-4B7E-850D-5544C406FBF3}.Release|Any CPU.ActiveCfg = Release|Any CPU
		{7C2073C5-AF0A-4B7E-850D-5544C406FBF3}.Release|Any CPU.Build.0 = Release|Any CPU
		{7C2073C5-AF0A-4B7E-850D-5544C406FBF3}.Release|x64.ActiveCfg = Release|Any CPU
		{7C2073C5-AF0A-4B7E-850D-5544C406FBF3}.Release|x64.Build.0 = Release|Any CPU
		{7C2073C5-AF0A-4B7E-850D-5544C406FBF3}.Release|x86.ActiveCfg = Release|Any CPU
		{7C2073C5-AF0A-4B7E-850D-5544C406FBF3}.Release|x86.Build.0 = Release|Any CPU
		{F503E0D2-CA65-4A3F-95F7-071AEB36AF23}.Debug|Any CPU.ActiveCfg = Debug|Any CPU
		{F503E0D2-CA65-4A3F-95F7-071AEB36AF23}.Debug|Any CPU.Build.0 = Debug|Any CPU
		{F503E0D2-CA65-4A3F-95F7-071AEB36AF23}.Debug|x64.ActiveCfg = Debug|Any CPU
		{F503E0D2-CA65-4A3F-95F7-071AEB36AF23}.Debug|x64.Build.0 = Debug|Any CPU
		{F503E0D2-CA65-4A3F-95F7-071AEB36AF23}.Debug|x86.ActiveCfg = Debug|Any CPU
		{F503E0D2-CA65-4A3F-95F7-071AEB36AF23}.Debug|x86.Build.0 = Debug|Any CPU
		{F503E0D2-CA65-4A3F-95F7-071AEB36AF23}.Release|Any CPU.ActiveCfg = Release|Any CPU
		{F503E0D2-CA65-4A3F-95F7-071AEB36AF23}.Release|Any CPU.Build.0 = Release|Any CPU
		{F503E0D2-CA65-4A3F-95F7-071AEB36AF23}.Release|x64.ActiveCfg = Release|Any CPU
		{F503E0D2-CA65-4A3F-95F7-071AEB36AF23}.Release|x64.Build.0 = Release|Any CPU
		{F503E0D2-CA65-4A3F-95F7-071AEB36AF23}.Release|x86.ActiveCfg = Release|Any CPU
		{F503E0D2-CA65-4A3F-95F7-071AEB36AF23}.Release|x86.Build.0 = Release|Any CPU
		{EDB30E83-9C24-4656-9307-213B870EDF73}.Debug|Any CPU.ActiveCfg = Debug|Any CPU
		{EDB30E83-9C24-4656-9307-213B870EDF73}.Debug|Any CPU.Build.0 = Debug|Any CPU
		{EDB30E83-9C24-4656-9307-213B870EDF73}.Debug|x64.ActiveCfg = Debug|Any CPU
		{EDB30E83-9C24-4656-9307-213B870EDF73}.Debug|x64.Build.0 = Debug|Any CPU
		{EDB30E83-9C24-4656-9307-213B870EDF73}.Debug|x86.ActiveCfg = Debug|Any CPU
		{EDB30E83-9C24-4656-9307-213B870EDF73}.Debug|x86.Build.0 = Debug|Any CPU
		{EDB30E83-9C24-4656-9307-213B870EDF73}.Release|Any CPU.ActiveCfg = Release|Any CPU
		{EDB30E83-9C24-4656-9307-213B870EDF73}.Release|Any CPU.Build.0 = Release|Any CPU
		{EDB30E83-9C24-4656-9307-213B870EDF73}.Release|x64.ActiveCfg = Release|Any CPU
		{EDB30E83-9C24-4656-9307-213B870EDF73}.Release|x64.Build.0 = Release|Any CPU
		{EDB30E83-9C24-4656-9307-213B870EDF73}.Release|x86.ActiveCfg = Release|Any CPU
		{EDB30E83-9C24-4656-9307-213B870EDF73}.Release|x86.Build.0 = Release|Any CPU
		{DFC6569E-E5C1-4816-B1FD-DF2701A71769}.Debug|Any CPU.ActiveCfg = Debug|Any CPU
		{DFC6569E-E5C1-4816-B1FD-DF2701A71769}.Debug|Any CPU.Build.0 = Debug|Any CPU
		{DFC6569E-E5C1-4816-B1FD-DF2701A71769}.Debug|x64.ActiveCfg = Debug|Any CPU
		{DFC6569E-E5C1-4816-B1FD-DF2701A71769}.Debug|x64.Build.0 = Debug|Any CPU
		{DFC6569E-E5C1-4816-B1FD-DF2701A71769}.Debug|x86.ActiveCfg = Debug|Any CPU
		{DFC6569E-E5C1-4816-B1FD-DF2701A71769}.Debug|x86.Build.0 = Debug|Any CPU
		{DFC6569E-E5C1-4816-B1FD-DF2701A71769}.Release|Any CPU.ActiveCfg = Release|Any CPU
		{DFC6569E-E5C1-4816-B1FD-DF2701A71769}.Release|Any CPU.Build.0 = Release|Any CPU
		{DFC6569E-E5C1-4816-B1FD-DF2701A71769}.Release|x64.ActiveCfg = Release|Any CPU
		{DFC6569E-E5C1-4816-B1FD-DF2701A71769}.Release|x64.Build.0 = Release|Any CPU
		{DFC6569E-E5C1-4816-B1FD-DF2701A71769}.Release|x86.ActiveCfg = Release|Any CPU
		{DFC6569E-E5C1-4816-B1FD-DF2701A71769}.Release|x86.Build.0 = Release|Any CPU
		{535B7FCA-942C-4EC2-A18F-88F684886AFD}.Debug|Any CPU.ActiveCfg = Debug|Any CPU
		{535B7FCA-942C-4EC2-A18F-88F684886AFD}.Debug|Any CPU.Build.0 = Debug|Any CPU
		{535B7FCA-942C-4EC2-A18F-88F684886AFD}.Debug|x64.ActiveCfg = Debug|Any CPU
		{535B7FCA-942C-4EC2-A18F-88F684886AFD}.Debug|x64.Build.0 = Debug|Any CPU
		{535B7FCA-942C-4EC2-A18F-88F684886AFD}.Debug|x86.ActiveCfg = Debug|Any CPU
		{535B7FCA-942C-4EC2-A18F-88F684886AFD}.Debug|x86.Build.0 = Debug|Any CPU
		{535B7FCA-942C-4EC2-A18F-88F684886AFD}.Release|Any CPU.ActiveCfg = Release|Any CPU
		{535B7FCA-942C-4EC2-A18F-88F684886AFD}.Release|Any CPU.Build.0 = Release|Any CPU
		{535B7FCA-942C-4EC2-A18F-88F684886AFD}.Release|x64.ActiveCfg = Release|Any CPU
		{535B7FCA-942C-4EC2-A18F-88F684886AFD}.Release|x64.Build.0 = Release|Any CPU
		{535B7FCA-942C-4EC2-A18F-88F684886AFD}.Release|x86.ActiveCfg = Release|Any CPU
		{535B7FCA-942C-4EC2-A18F-88F684886AFD}.Release|x86.Build.0 = Release|Any CPU
		{5681B896-5A25-4C08-B118-38A85B077275}.Debug|Any CPU.ActiveCfg = Debug|Any CPU
		{5681B896-5A25-4C08-B118-38A85B077275}.Debug|Any CPU.Build.0 = Debug|Any CPU
		{5681B896-5A25-4C08-B118-38A85B077275}.Debug|x64.ActiveCfg = Debug|Any CPU
		{5681B896-5A25-4C08-B118-38A85B077275}.Debug|x64.Build.0 = Debug|Any CPU
		{5681B896-5A25-4C08-B118-38A85B077275}.Debug|x86.ActiveCfg = Debug|Any CPU
		{5681B896-5A25-4C08-B118-38A85B077275}.Debug|x86.Build.0 = Debug|Any CPU
		{5681B896-5A25-4C08-B118-38A85B077275}.Release|Any CPU.ActiveCfg = Release|Any CPU
		{5681B896-5A25-4C08-B118-38A85B077275}.Release|Any CPU.Build.0 = Release|Any CPU
		{5681B896-5A25-4C08-B118-38A85B077275}.Release|x64.ActiveCfg = Release|Any CPU
		{5681B896-5A25-4C08-B118-38A85B077275}.Release|x64.Build.0 = Release|Any CPU
		{5681B896-5A25-4C08-B118-38A85B077275}.Release|x86.ActiveCfg = Release|Any CPU
		{5681B896-5A25-4C08-B118-38A85B077275}.Release|x86.Build.0 = Release|Any CPU
		{F7A0A1DD-005E-47F1-871A-3C2904974418}.Debug|Any CPU.ActiveCfg = Debug|Any CPU
		{F7A0A1DD-005E-47F1-871A-3C2904974418}.Debug|Any CPU.Build.0 = Debug|Any CPU
		{F7A0A1DD-005E-47F1-871A-3C2904974418}.Debug|x64.ActiveCfg = Debug|Any CPU
		{F7A0A1DD-005E-47F1-871A-3C2904974418}.Debug|x64.Build.0 = Debug|Any CPU
		{F7A0A1DD-005E-47F1-871A-3C2904974418}.Debug|x86.ActiveCfg = Debug|Any CPU
		{F7A0A1DD-005E-47F1-871A-3C2904974418}.Debug|x86.Build.0 = Debug|Any CPU
		{F7A0A1DD-005E-47F1-871A-3C2904974418}.Release|Any CPU.ActiveCfg = Release|Any CPU
		{F7A0A1DD-005E-47F1-871A-3C2904974418}.Release|Any CPU.Build.0 = Release|Any CPU
		{F7A0A1DD-005E-47F1-871A-3C2904974418}.Release|x64.ActiveCfg = Release|Any CPU
		{F7A0A1DD-005E-47F1-871A-3C2904974418}.Release|x64.Build.0 = Release|Any CPU
		{F7A0A1DD-005E-47F1-871A-3C2904974418}.Release|x86.ActiveCfg = Release|Any CPU
		{F7A0A1DD-005E-47F1-871A-3C2904974418}.Release|x86.Build.0 = Release|Any CPU
		{2ED31B09-C3B7-4141-8E7E-FF3111CB6341}.Debug|Any CPU.ActiveCfg = Debug|Any CPU
		{2ED31B09-C3B7-4141-8E7E-FF3111CB6341}.Debug|Any CPU.Build.0 = Debug|Any CPU
		{2ED31B09-C3B7-4141-8E7E-FF3111CB6341}.Debug|x64.ActiveCfg = Debug|Any CPU
		{2ED31B09-C3B7-4141-8E7E-FF3111CB6341}.Debug|x64.Build.0 = Debug|Any CPU
		{2ED31B09-C3B7-4141-8E7E-FF3111CB6341}.Debug|x86.ActiveCfg = Debug|Any CPU
		{2ED31B09-C3B7-4141-8E7E-FF3111CB6341}.Debug|x86.Build.0 = Debug|Any CPU
		{2ED31B09-C3B7-4141-8E7E-FF3111CB6341}.Release|Any CPU.ActiveCfg = Release|Any CPU
		{2ED31B09-C3B7-4141-8E7E-FF3111CB6341}.Release|Any CPU.Build.0 = Release|Any CPU
		{2ED31B09-C3B7-4141-8E7E-FF3111CB6341}.Release|x64.ActiveCfg = Release|Any CPU
		{2ED31B09-C3B7-4141-8E7E-FF3111CB6341}.Release|x64.Build.0 = Release|Any CPU
		{2ED31B09-C3B7-4141-8E7E-FF3111CB6341}.Release|x86.ActiveCfg = Release|Any CPU
		{2ED31B09-C3B7-4141-8E7E-FF3111CB6341}.Release|x86.Build.0 = Release|Any CPU
	EndGlobalSection
	GlobalSection(SolutionProperties) = preSolution
		HideSolutionNode = FALSE
	EndGlobalSection
	GlobalSection(NestedProjects) = preSolution
		{25CA5C2A-6D4B-4C75-9DC3-4C4FA9FF7F29} = {B475BE50-CCFA-4B4B-9CDD-F8622FD00272}
		{918C14BC-FA11-4091-A903-23563DED1805} = {B475BE50-CCFA-4B4B-9CDD-F8622FD00272}
		{7C2073C5-AF0A-4B7E-850D-5544C406FBF3} = {B475BE50-CCFA-4B4B-9CDD-F8622FD00272}
		{F503E0D2-CA65-4A3F-95F7-071AEB36AF23} = {B475BE50-CCFA-4B4B-9CDD-F8622FD00272}
		{EDB30E83-9C24-4656-9307-213B870EDF73} = {B475BE50-CCFA-4B4B-9CDD-F8622FD00272}
		{DFC6569E-E5C1-4816-B1FD-DF2701A71769} = {B475BE50-CCFA-4B4B-9CDD-F8622FD00272}
		{535B7FCA-942C-4EC2-A18F-88F684886AFD} = {B475BE50-CCFA-4B4B-9CDD-F8622FD00272}
		{5681B896-5A25-4C08-B118-38A85B077275} = {B475BE50-CCFA-4B4B-9CDD-F8622FD00272}
		{F7A0A1DD-005E-47F1-871A-3C2904974418} = {B475BE50-CCFA-4B4B-9CDD-F8622FD00272}
		{2ED31B09-C3B7-4141-8E7E-FF3111CB6341} = {B475BE50-CCFA-4B4B-9CDD-F8622FD00272}
	EndGlobalSection
	GlobalSection(ExtensibilityGlobals) = postSolution
		SolutionGuid = {E845C0C4-7928-4F20-B0D4-AEE2296F036C}
	EndGlobalSection
EndGlobal
